
Microsoft Visual Studio Solution File, Format Version 12.00
# Visual Studio Version 17
VisualStudioVersion = 17.4.33110.190
MinimumVisualStudioVersion = 15.0.26124.0
Project("{2150E333-8FDC-42A3-9474-1A3956D46DE8}") = "2 - Application", "2 - Application", "{21A9B3AE-3359-4FB1-BFA1-B403495CBC56}"
EndProject
Project("{2150E333-8FDC-42A3-9474-1A3956D46DE8}") = "3 - Domain", "3 - Domain", "{250EA214-B6C7-4EB8-B9DC-9109D8640B3F}"
EndProject
Project("{2150E333-8FDC-42A3-9474-1A3956D46DE8}") = "4 - Infra", "4 - Infra", "{4562D9DB-0B37-4D60-B6D0-8A006106B9B1}"
EndProject
Project("{2150E333-8FDC-42A3-9474-1A3956D46DE8}") = "4.1 - Data", "4.1 - Data", "{78A5D1A5-2D64-48AC-AFA9-1F7AE3D92FED}"
EndProject
Project("{2150E333-8FDC-42A3-9474-1A3956D46DE8}") = "4.2 - CrossCutting", "4.2 - CrossCutting", "{77B23425-474A-4C54-B3F8-D173EF4B7B00}"
EndProject
Project("{2150E333-8FDC-42A3-9474-1A3956D46DE8}") = "5 - Tests", "5 - Tests", "{9EA7FBF8-8D55-497C-93E3-18FC4108B66A}"
EndProject
Project("{2150E333-8FDC-42A3-9474-1A3956D46DE8}") = "6 - Packages", "6 - Packages", "{68CCEB9C-2703-4930-BF1B-A4C4F88A31DD}"
EndProject
Project("{2150E333-8FDC-42A3-9474-1A3956D46DE8}") = "7 - Workers", "7 - Workers", "{5CCC2328-2190-49C1-BE03-5FC7151A025E}"
EndProject
Project("{9A19103F-16F7-4668-BE54-9A1E7A4F7556}") = "ApiConnector", "ApiConector\src\ApiConnector.csproj", "{8E3A9F05-0A05-41B3-AD6B-D489CDE92346}"
EndProject
Project("{2150E333-8FDC-42A3-9474-1A3956D46DE8}") = "1 - Services", "1 - Services", "{2D5BD3FD-7C5C-41C5-810D-3DB939A3ECF9}"
EndProject
Project("{9A19103F-16F7-4668-BE54-9A1E7A4F7556}") = "Global5.Api", "Global5.Api\Global5.Api.csproj", "{A11D55B6-42C1-4901-813D-00A2F2C366C1}"
EndProject
Project("{9A19103F-16F7-4668-BE54-9A1E7A4F7556}") = "Global5.Application", "Global5.Application\Global5.Application.csproj", "{F4B0821B-5442-45CA-8B07-C32D2E0B2B9B}"
EndProject
Project("{9A19103F-16F7-4668-BE54-9A1E7A4F7556}") = "Global5.Domain", "Global5.Domain\Global5.Domain.csproj", "{DFBA53AF-9F6E-46A9-8214-DAAF2C4D81D5}"
EndProject
Project("{9A19103F-16F7-4668-BE54-9A1E7A4F7556}") = "Global5.Infra.Data", "Global5.Infra.Data\Global5.Infra.Data.csproj", "{4AEBB651-117A-4E49-B528-37B62B309038}"
EndProject
Project("{9A19103F-16F7-4668-BE54-9A1E7A4F7556}") = "Global5.Infra.CrossCutting.Ioc", "Global5.CrossCutting.Ioc\Global5.Infra.CrossCutting.Ioc.csproj", "{873F0B9C-D09A-4E70-990D-DC42FAFFE913}"
EndProject
Project("{9A19103F-16F7-4668-BE54-9A1E7A4F7556}") = "Global5.Tests", "Global5.Tests\Global5.Tests.csproj", "{1AE7C80A-3209-4EE0-9C5C-439795656937}"
EndProject
Global
	GlobalSection(SolutionConfigurationPlatforms) = preSolution
		Debug|Any CPU = Debug|Any CPU
		Debug|x64 = Debug|x64
		Debug|x86 = Debug|x86
		Release|Any CPU = Release|Any CPU
		Release|x64 = Release|x64
		Release|x86 = Release|x86
	EndGlobalSection
	GlobalSection(ProjectConfigurationPlatforms) = postSolution
		{8E3A9F05-0A05-41B3-AD6B-D489CDE92346}.Debug|Any CPU.ActiveCfg = Debug|Any CPU
		{8E3A9F05-0A05-41B3-AD6B-D489CDE92346}.Debug|Any CPU.Build.0 = Debug|Any CPU
		{8E3A9F05-0A05-41B3-AD6B-D489CDE92346}.Debug|x64.ActiveCfg = Debug|Any CPU
		{8E3A9F05-0A05-41B3-AD6B-D489CDE92346}.Debug|x64.Build.0 = Debug|Any CPU
		{8E3A9F05-0A05-41B3-AD6B-D489CDE92346}.Debug|x86.ActiveCfg = Debug|Any CPU
		{8E3A9F05-0A05-41B3-AD6B-D489CDE92346}.Debug|x86.Build.0 = Debug|Any CPU
		{8E3A9F05-0A05-41B3-AD6B-D489CDE92346}.Release|Any CPU.ActiveCfg = Release|Any CPU
		{8E3A9F05-0A05-41B3-AD6B-D489CDE92346}.Release|Any CPU.Build.0 = Release|Any CPU
		{8E3A9F05-0A05-41B3-AD6B-D489CDE92346}.Release|x64.ActiveCfg = Release|Any CPU
		{8E3A9F05-0A05-41B3-AD6B-D489CDE92346}.Release|x64.Build.0 = Release|Any CPU
		{8E3A9F05-0A05-41B3-AD6B-D489CDE92346}.Release|x86.ActiveCfg = Release|Any CPU
		{8E3A9F05-0A05-41B3-AD6B-D489CDE92346}.Release|x86.Build.0 = Release|Any CPU
		{A11D55B6-42C1-4901-813D-00A2F2C366C1}.Debug|Any CPU.ActiveCfg = Debug|Any CPU
		{A11D55B6-42C1-4901-813D-00A2F2C366C1}.Debug|Any CPU.Build.0 = Debug|Any CPU
		{A11D55B6-42C1-4901-813D-00A2F2C366C1}.Debug|x64.ActiveCfg = Debug|Any CPU
		{A11D55B6-42C1-4901-813D-00A2F2C366C1}.Debug|x64.Build.0 = Debug|Any CPU
		{A11D55B6-42C1-4901-813D-00A2F2C366C1}.Debug|x86.ActiveCfg = Debug|Any CPU
		{A11D55B6-42C1-4901-813D-00A2F2C366C1}.Debug|x86.Build.0 = Debug|Any CPU
		{A11D55B6-42C1-4901-813D-00A2F2C366C1}.Release|Any CPU.ActiveCfg = Release|Any CPU
		{A11D55B6-42C1-4901-813D-00A2F2C366C1}.Release|Any CPU.Build.0 = Release|Any CPU
		{A11D55B6-42C1-4901-813D-00A2F2C366C1}.Release|x64.ActiveCfg = Release|Any CPU
		{A11D55B6-42C1-4901-813D-00A2F2C366C1}.Release|x64.Build.0 = Release|Any CPU
		{A11D55B6-42C1-4901-813D-00A2F2C366C1}.Release|x86.ActiveCfg = Release|Any CPU
		{A11D55B6-42C1-4901-813D-00A2F2C366C1}.Release|x86.Build.0 = Release|Any CPU
		{F4B0821B-5442-45CA-8B07-C32D2E0B2B9B}.Debug|Any CPU.ActiveCfg = Debug|Any CPU
		{F4B0821B-5442-45CA-8B07-C32D2E0B2B9B}.Debug|Any CPU.Build.0 = Debug|Any CPU
		{F4B0821B-5442-45CA-8B07-C32D2E0B2B9B}.Debug|x64.ActiveCfg = Debug|Any CPU
		{F4B0821B-5442-45CA-8B07-C32D2E0B2B9B}.Debug|x64.Build.0 = Debug|Any CPU
		{F4B0821B-5442-45CA-8B07-C32D2E0B2B9B}.Debug|x86.ActiveCfg = Debug|Any CPU
		{F4B0821B-5442-45CA-8B07-C32D2E0B2B9B}.Debug|x86.Build.0 = Debug|Any CPU
		{F4B0821B-5442-45CA-8B07-C32D2E0B2B9B}.Release|Any CPU.ActiveCfg = Release|Any CPU
		{F4B0821B-5442-45CA-8B07-C32D2E0B2B9B}.Release|Any CPU.Build.0 = Release|Any CPU
		{F4B0821B-5442-45CA-8B07-C32D2E0B2B9B}.Release|x64.ActiveCfg = Release|Any CPU
		{F4B0821B-5442-45CA-8B07-C32D2E0B2B9B}.Release|x64.Build.0 = Release|Any CPU
		{F4B0821B-5442-45CA-8B07-C32D2E0B2B9B}.Release|x86.ActiveCfg = Release|Any CPU
		{F4B0821B-5442-45CA-8B07-C32D2E0B2B9B}.Release|x86.Build.0 = Release|Any CPU
		{DFBA53AF-9F6E-46A9-8214-DAAF2C4D81D5}.Debug|Any CPU.ActiveCfg = Debug|Any CPU
		{DFBA53AF-9F6E-46A9-8214-DAAF2C4D81D5}.Debug|Any CPU.Build.0 = Debug|Any CPU
		{DFBA53AF-9F6E-46A9-8214-DAAF2C4D81D5}.Debug|x64.ActiveCfg = Debug|Any CPU
		{DFBA53AF-9F6E-46A9-8214-DAAF2C4D81D5}.Debug|x64.Build.0 = Debug|Any CPU
		{DFBA53AF-9F6E-46A9-8214-DAAF2C4D81D5}.Debug|x86.ActiveCfg = Debug|Any CPU
		{DFBA53AF-9F6E-46A9-8214-DAAF2C4D81D5}.Debug|x86.Build.0 = Debug|Any CPU
		{DFBA53AF-9F6E-46A9-8214-DAAF2C4D81D5}.Release|Any CPU.ActiveCfg = Release|Any CPU
		{DFBA53AF-9F6E-46A9-8214-DAAF2C4D81D5}.Release|Any CPU.Build.0 = Release|Any CPU
		{DFBA53AF-9F6E-46A9-8214-DAAF2C4D81D5}.Release|x64.ActiveCfg = Release|Any CPU
		{DFBA53AF-9F6E-46A9-8214-DAAF2C4D81D5}.Release|x64.Build.0 = Release|Any CPU
		{DFBA53AF-9F6E-46A9-8214-DAAF2C4D81D5}.Release|x86.ActiveCfg = Release|Any CPU
		{DFBA53AF-9F6E-46A9-8214-DAAF2C4D81D5}.Release|x86.Build.0 = Release|Any CPU
		{4AEBB651-117A-4E49-B528-37B62B309038}.Debug|Any CPU.ActiveCfg = Debug|Any CPU
		{4AEBB651-117A-4E49-B528-37B62B309038}.Debug|Any CPU.Build.0 = Debug|Any CPU
		{4AEBB651-117A-4E49-B528-37B62B309038}.Debug|x64.ActiveCfg = Debug|Any CPU
		{4AEBB651-117A-4E49-B528-37B62B309038}.Debug|x64.Build.0 = Debug|Any CPU
		{4AEBB651-117A-4E49-B528-37B62B309038}.Debug|x86.ActiveCfg = Debug|Any CPU
		{4AEBB651-117A-4E49-B528-37B62B309038}.Debug|x86.Build.0 = Debug|Any CPU
		{4AEBB651-117A-4E49-B528-37B62B309038}.Release|Any CPU.ActiveCfg = Release|Any CPU
		{4AEBB651-117A-4E49-B528-37B62B309038}.Release|Any CPU.Build.0 = Release|Any CPU
		{4AEBB651-117A-4E49-B528-37B62B309038}.Release|x64.ActiveCfg = Release|Any CPU
		{4AEBB651-117A-4E49-B528-37B62B309038}.Release|x64.Build.0 = Release|Any CPU
		{4AEBB651-117A-4E49-B528-37B62B309038}.Release|x86.ActiveCfg = Release|Any CPU
		{4AEBB651-117A-4E49-B528-37B62B309038}.Release|x86.Build.0 = Release|Any CPU
		{873F0B9C-D09A-4E70-990D-DC42FAFFE913}.Debug|Any CPU.ActiveCfg = Debug|Any CPU
		{873F0B9C-D09A-4E70-990D-DC42FAFFE913}.Debug|Any CPU.Build.0 = Debug|Any CPU
		{873F0B9C-D09A-4E70-990D-DC42FAFFE913}.Debug|x64.ActiveCfg = Debug|Any CPU
		{873F0B9C-D09A-4E70-990D-DC42FAFFE913}.Debug|x64.Build.0 = Debug|Any CPU
		{873F0B9C-D09A-4E70-990D-DC42FAFFE913}.Debug|x86.ActiveCfg = Debug|Any CPU
		{873F0B9C-D09A-4E70-990D-DC42FAFFE913}.Debug|x86.Build.0 = Debug|Any CPU
		{873F0B9C-D09A-4E70-990D-DC42FAFFE913}.Release|Any CPU.ActiveCfg = Release|Any CPU
		{873F0B9C-D09A-4E70-990D-DC42FAFFE913}.Release|Any CPU.Build.0 = Release|Any CPU
		{873F0B9C-D09A-4E70-990D-DC42FAFFE913}.Release|x64.ActiveCfg = Release|Any CPU
		{873F0B9C-D09A-4E70-990D-DC42FAFFE913}.Release|x64.Build.0 = Release|Any CPU
		{873F0B9C-D09A-4E70-990D-DC42FAFFE913}.Release|x86.ActiveCfg = Release|Any CPU
		{873F0B9C-D09A-4E70-990D-DC42FAFFE913}.Release|x86.Build.0 = Release|Any CPU
		{1AE7C80A-3209-4EE0-9C5C-439795656937}.Debug|Any CPU.ActiveCfg = Debug|Any CPU
		{1AE7C80A-3209-4EE0-9C5C-439795656937}.Debug|Any CPU.Build.0 = Debug|Any CPU
		{1AE7C80A-3209-4EE0-9C5C-439795656937}.Debug|x64.ActiveCfg = Debug|Any CPU
		{1AE7C80A-3209-4EE0-9C5C-439795656937}.Debug|x64.Build.0 = Debug|Any CPU
		{1AE7C80A-3209-4EE0-9C5C-439795656937}.Debug|x86.ActiveCfg = Debug|Any CPU
		{1AE7C80A-3209-4EE0-9C5C-439795656937}.Debug|x86.Build.0 = Debug|Any CPU
		{1AE7C80A-3209-4EE0-9C5C-439795656937}.Release|Any CPU.ActiveCfg = Release|Any CPU
		{1AE7C80A-3209-4EE0-9C5C-439795656937}.Release|Any CPU.Build.0 = Release|Any CPU
		{1AE7C80A-3209-4EE0-9C5C-439795656937}.Release|x64.ActiveCfg = Release|Any CPU
		{1AE7C80A-3209-4EE0-9C5C-439795656937}.Release|x64.Build.0 = Release|Any CPU
		{1AE7C80A-3209-4EE0-9C5C-439795656937}.Release|x86.ActiveCfg = Release|Any CPU
		{1AE7C80A-3209-4EE0-9C5C-439795656937}.Release|x86.Build.0 = Release|Any CPU
	EndGlobalSection
	GlobalSection(SolutionProperties) = preSolution
		HideSolutionNode = FALSE
	EndGlobalSection
	GlobalSection(NestedProjects) = preSolution
		{78A5D1A5-2D64-48AC-AFA9-1F7AE3D92FED} = {4562D9DB-0B37-4D60-B6D0-8A006106B9B1}
		{77B23425-474A-4C54-B3F8-D173EF4B7B00} = {4562D9DB-0B37-4D60-B6D0-8A006106B9B1}
		{8E3A9F05-0A05-41B3-AD6B-D489CDE92346} = {68CCEB9C-2703-4930-BF1B-A4C4F88A31DD}
		{A11D55B6-42C1-4901-813D-00A2F2C366C1} = {2D5BD3FD-7C5C-41C5-810D-3DB939A3ECF9}
		{F4B0821B-5442-45CA-8B07-C32D2E0B2B9B} = {21A9B3AE-3359-4FB1-BFA1-B403495CBC56}
		{DFBA53AF-9F6E-46A9-8214-DAAF2C4D81D5} = {250EA214-B6C7-4EB8-B9DC-9109D8640B3F}
		{4AEBB651-117A-4E49-B528-37B62B309038} = {78A5D1A5-2D64-48AC-AFA9-1F7AE3D92FED}
		{873F0B9C-D09A-4E70-990D-DC42FAFFE913} = {77B23425-474A-4C54-B3F8-D173EF4B7B00}
		{1AE7C80A-3209-4EE0-9C5C-439795656937} = {9EA7FBF8-8D55-497C-93E3-18FC4108B66A}
	EndGlobalSection
	GlobalSection(ExtensibilityGlobals) = postSolution
		SolutionGuid = {5476DBC5-7B8B-42FB-BFD5-F3AC027A7D27}
	EndGlobalSection
EndGlobal
